<?xml version="1.0" encoding="utf-8"?>
<Project ToolsVersion="4.0" xmlns="http://schemas.microsoft.com/developer/msbuild/2003">
  <ItemGroup>
    <Filter Include="Source Files">
      <UniqueIdentifier>{4FC737F1-C7A5-4376-A066-2A32D752A2FF}</UniqueIdentifier>
      <Extensions>cpp;c;cc;cxx;def;odl;idl;hpj;bat;asm;asmx</Extensions>
    </Filter>
    <Filter Include="Header Files">
      <UniqueIdentifier>{93995380-89BD-4b04-88EB-625FBE52EBFB}</UniqueIdentifier>
      <Extensions>h;hh;hpp;hxx;hm;inl;inc;xsd</Extensions>
    </Filter>
    <Filter Include="Resource Files">
      <UniqueIdentifier>{67DA6AB6-F800-4c08-8B7A-83BB121AAD01}</UniqueIdentifier>
      <Extensions>rc;ico;cur;bmp;dlg;rc2;rct;bin;rgs;gif;jpg;jpeg;jpe;resx;tiff;tif;png;wav;mfcribbon-ms</Extensions>
    </Filter>
  </ItemGroup>
  <ItemGroup>
    <None Include="packages.config" />
    <None Include="color.vs">
      <Filter>Resource Files</Filter>
    </None>
    <None Include="color.ps">
      <Filter>Resource Files</Filter>
    </None>
    <None Include="uibase.ps">
      <Filter>Resource Files</Filter>
    </None>
    <None Include="uibase.vs">
      <Filter>Resource Files</Filter>
    </None>
    <None Include="pbr_base.vs">
      <Filter>Resource Files</Filter>
    </None>
    <None Include="pbr_base.ps">
      <Filter>Resource Files</Filter>
    </None>
    <None Include="uiTexturePreview.ps">
      <Filter>Resource Files</Filter>
    </None>
    <None Include="uiTexturePreview.vs">
      <Filter>Resource Files</Filter>
    </None>
    <None Include="skybox.vs">
      <Filter>Resource Files</Filter>
    </None>
    <None Include="skybox.ps">
      <Filter>Resource Files</Filter>
    </None>
    <None Include="blurHorizontal.vs">
      <Filter>Resource Files</Filter>
    </None>
    <None Include="blurVertical.ps">
      <Filter>Resource Files</Filter>
    </None>
    <None Include="blurVertical.vs">
      <Filter>Resource Files</Filter>
    </None>
    <None Include="blurHorizontal.ps">
      <Filter>Resource Files</Filter>
    </None>
    <None Include="textureShader.vs">
      <Filter>Resource Files</Filter>
    </None>
    <None Include="textureShader.ps">
      <Filter>Resource Files</Filter>
    </None>
    <None Include="convolutionSkybox.vs">
      <Filter>Resource Files</Filter>
    </None>
    <None Include="convolutionSkybox.ps">
      <Filter>Resource Files</Filter>
    </None>
    <None Include="singleColor.ps">
      <Filter>Resource Files</Filter>
    </None>
    <None Include="singleColor.vs">
      <Filter>Resource Files</Filter>
    </None>
    <None Include="shadowmap.vs">
      <Filter>Resource Files</Filter>
    </None>
    <None Include="shadowmap.ps">
      <Filter>Resource Files</Filter>
    </None>
  </ItemGroup>
  <ItemGroup>
    <ClInclude Include="src\UITick.h">
      <Filter>Header Files</Filter>
    </ClInclude>
    <ClInclude Include="src\BlurShaderClass.h">
      <Filter>Header Files</Filter>
    </ClInclude>
    <ClInclude Include="src\cameraclass.h">
      <Filter>Header Files</Filter>
    </ClInclude>
    <ClInclude Include="src\ConvoluteShaderClass.h">
      <Filter>Header Files</Filter>
    </ClInclude>
    <ClInclude Include="src\d3dclass.h">
      <Filter>Header Files</Filter>
    </ClInclude>
    <ClInclude Include="src\graphicsclass.h">
      <Filter>Header Files</Filter>
    </ClInclude>
    <ClInclude Include="src\inputclass.h">
      <Filter>Header Files</Filter>
    </ClInclude>
    <ClInclude Include="src\LightClass.h">
      <Filter>Header Files</Filter>
    </ClInclude>
    <ClInclude Include="src\modelClass.h">
      <Filter>Header Files</Filter>
    </ClInclude>
    <ClInclude Include="src\MouseClass.h">
      <Filter>Header Files</Filter>
    </ClInclude>
    <ClInclude Include="src\MouseClassContainer.h">
      <Filter>Header Files</Filter>
    </ClInclude>
    <ClInclude Include="src\RenderTextureClass.h">
      <Filter>Header Files</Filter>
    </ClInclude>
    <ClInclude Include="src\ShaderPBRClass.h">
      <Filter>Header Files</Filter>
    </ClInclude>
    <ClInclude Include="src\ShaderSpecularClass.h">
      <Filter>Header Files</Filter>
    </ClInclude>
    <ClInclude Include="src\ShadowMapClass.h">
      <Filter>Header Files</Filter>
    </ClInclude>
    <ClInclude Include="src\SkyboxShaderClass.h">
      <Filter>Header Files</Filter>
    </ClInclude>
    <ClInclude Include="src\systemclass.h">
      <Filter>Header Files</Filter>
    </ClInclude>
    <ClInclude Include="src\TextEngine.h">
      <Filter>Header Files</Filter>
    </ClInclude>
    <ClInclude Include="src\UIBackground.h">
      <Filter>Header Files</Filter>
    </ClInclude>
    <ClInclude Include="src\UIBase.h">
      <Filter>Header Files</Filter>
    </ClInclude>
    <ClInclude Include="src\UIButton.h">
      <Filter>Header Files</Filter>
    </ClInclude>
    <ClInclude Include="src\UISlider.h">
      <Filter>Header Files</Filter>
    </ClInclude>
    <ClInclude Include="src\UITexture.h">
      <Filter>Header Files</Filter>
    </ClInclude>
    <ClInclude Include="src\UITexturePreview.h">
      <Filter>Header Files</Filter>
    </ClInclude>
    <ClInclude Include="src\BaseShaderClass.h">
      <Filter>Header Files</Filter>
    </ClInclude>
    <ClInclude Include="src\SingleColorClass.h">
      <Filter>Header Files</Filter>
    </ClInclude>
  </ItemGroup>
  <ItemGroup>
    <ClCompile Include="src\UITick.cpp">
      <Filter>Source Files</Filter>
    </ClCompile>
    <ClCompile Include="src\BlurShaderClass.cpp">
      <Filter>Source Files</Filter>
    </ClCompile>
    <ClCompile Include="src\cameraclass.cpp">
      <Filter>Source Files</Filter>
    </ClCompile>
    <ClCompile Include="src\ConvoluteShaderClass.cpp">
      <Filter>Source Files</Filter>
    </ClCompile>
    <ClCompile Include="src\d3dclass.cpp">
      <Filter>Source Files</Filter>
    </ClCompile>
    <ClCompile Include="src\graphicsclass.cpp">
      <Filter>Source Files</Filter>
    </ClCompile>
    <ClCompile Include="src\inputclass.cpp">
      <Filter>Source Files</Filter>
    </ClCompile>
    <ClCompile Include="src\LightClass.cpp">
      <Filter>Source Files</Filter>
    </ClCompile>
    <ClCompile Include="src\main.cpp">
      <Filter>Source Files</Filter>
    </ClCompile>
    <ClCompile Include="src\modelClass.cpp">
      <Filter>Source Files</Filter>
    </ClCompile>
    <ClCompile Include="src\MouseClass.cpp">
      <Filter>Source Files</Filter>
    </ClCompile>
    <ClCompile Include="src\MouseClassContainer.cpp">
      <Filter>Source Files</Filter>
    </ClCompile>
    <ClCompile Include="src\RenderTextureClass.cpp">
      <Filter>Source Files</Filter>
    </ClCompile>
    <ClCompile Include="src\ShaderPBRClass.cpp">
      <Filter>Source Files</Filter>
    </ClCompile>
    <ClCompile Include="src\ShaderSpecularClass.cpp">
      <Filter>Source Files</Filter>
    </ClCompile>
    <ClCompile Include="src\ShadowMapClass.cpp">
      <Filter>Source Files</Filter>
    </ClCompile>
    <ClCompile Include="src\SkyboxShaderClass.cpp">
      <Filter>Source Files</Filter>
    </ClCompile>
    <ClCompile Include="src\systemclass.cpp">
      <Filter>Source Files</Filter>
    </ClCompile>
    <ClCompile Include="src\TextEngine.cpp">
      <Filter>Source Files</Filter>
    </ClCompile>
    <ClCompile Include="src\UIBackground.cpp">
      <Filter>Source Files</Filter>
    </ClCompile>
    <ClCompile Include="src\UIBase.cpp">
      <Filter>Source Files</Filter>
    </ClCompile>
    <ClCompile Include="src\UIButton.cpp">
      <Filter>Source Files</Filter>
    </ClCompile>
    <ClCompile Include="src\UISlider.cpp">
      <Filter>Source Files</Filter>
    </ClCompile>
    <ClCompile Include="src\UITexture.cpp">
      <Filter>Source Files</Filter>
    </ClCompile>
    <ClCompile Include="src\UITexturePreview.cpp">
      <Filter>Source Files</Filter>
    </ClCompile>
    <ClCompile Include="src\BaseShaderClass.cpp">
      <Filter>Source Files</Filter>
    </ClCompile>
    <ClCompile Include="src\SingleColorClass.cpp">
      <Filter>Source Files</Filter>
    </ClCompile>
  </ItemGroup>
</Project>